
Microsoft Visual Studio Solution File, Format Version 12.00
# Visual Studio 15
VisualStudioVersion = 15.0.28307.1684
MinimumVisualStudioVersion = 10.0.40219.1
Project("{FAE04EC0-301F-11D3-BF4B-00C04F79EFBC}") = "PersonalSiteMVC.UI", "PersonalSiteMVC.UI\PersonalSiteMVC.UI.csproj", "{B365A463-F72C-43B3-A84F-EE388CFBBB2F}"
EndProject
Project("{2150E333-8FDC-42A3-9474-1A3956D46DE8}") = "Solution Items", "Solution Items", "{98BBCAEA-E579-4477-8956-D66325CC80DB}"
	ProjectSection(SolutionItems) = preProject
		.gitignore = .gitignore
	EndProjectSection
EndProject
Global
	GlobalSection(SolutionConfigurationPlatforms) = preSolution
		Debug|Any CPU = Debug|Any CPU
		Release|Any CPU = Release|Any CPU
	EndGlobalSection
	GlobalSection(ProjectConfigurationPlatforms) = postSolution
		{B365A463-F72C-43B3-A84F-EE388CFBBB2F}.Debug|Any CPU.ActiveCfg = Debug|Any CPU
		{B365A463-F72C-43B3-A84F-EE388CFBBB2F}.Debug|Any CPU.Build.0 = Debug|Any CPU
		{B365A463-F72C-43B3-A84F-EE388CFBBB2F}.Release|Any CPU.ActiveCfg = Release|Any CPU
		{B365A463-F72C-43B3-A84F-EE388CFBBB2F}.Release|Any CPU.Build.0 = Release|Any CPU
	EndGlobalSection
	GlobalSection(SolutionProperties) = preSolution
		HideSolutionNode = FALSE
	EndGlobalSection
	GlobalSection(ExtensibilityGlobals) = postSolution
		SolutionGuid = {5E548346-8996-4229-B750-D17D439A952E}
	EndGlobalSection
EndGlobal
